
Microsoft Visual Studio Solution File, Format Version 12.00
# Visual Studio Version 17
VisualStudioVersion = 17.10.35013.160
MinimumVisualStudioVersion = 10.0.40219.1
Project("{FAE04EC0-301F-11D3-BF4B-00C04F79EFBC}") = "AccountWithMenuDriven", "AccountWithMenuDriven\AccountWithMenuDriven.csproj", "{D8FC6065-9F10-4CCD-9502-84924E969905}"
EndProject
Global
	GlobalSection(SolutionConfigurationPlatforms) = preSolution
		Debug|Any CPU = Debug|Any CPU
		Release|Any CPU = Release|Any CPU
	EndGlobalSection
	GlobalSection(ProjectConfigurationPlatforms) = postSolution
		{D8FC6065-9F10-4CCD-9502-84924E969905}.Debug|Any CPU.ActiveCfg = Debug|Any CPU
		{D8FC6065-9F10-4CCD-9502-84924E969905}.Debug|Any CPU.Build.0 = Debug|Any CPU
		{D8FC6065-9F10-4CCD-9502-84924E969905}.Release|Any CPU.ActiveCfg = Release|Any CPU
		{D8FC6065-9F10-4CCD-9502-84924E969905}.Release|Any CPU.Build.0 = Release|Any CPU
	EndGlobalSection
	GlobalSection(SolutionProperties) = preSolution
		HideSolutionNode = FALSE
	EndGlobalSection
	GlobalSection(ExtensibilityGlobals) = postSolution
		SolutionGuid = {8AEC7628-8122-4335-90E3-88C8A08183AC}
	EndGlobalSection
EndGlobal
